// !$*UTF8*$!
{
	archiveVersion = 1;
	classes = {
	};
	objectVersion = 55;
	objects = {

/* Begin PBXBuildFile section */
		A3444CF3283D4C9E00B92B7F /* AppDelegate.swift in Sources */ = {isa = PBXBuildFile; fileRef = A3444CF2283D4C9E00B92B7F /* AppDelegate.swift */; };
		A3444CF5283D4C9E00B92B7F /* SceneDelegate.swift in Sources */ = {isa = PBXBuildFile; fileRef = A3444CF4283D4C9E00B92B7F /* SceneDelegate.swift */; };
		A3444CF7283D4C9E00B92B7F /* ContactsViewController.swift in Sources */ = {isa = PBXBuildFile; fileRef = A3444CF6283D4C9E00B92B7F /* ContactsViewController.swift */; };
		A3444CFA283D4C9E00B92B7F /* Contacts.storyboard in Resources */ = {isa = PBXBuildFile; fileRef = A3444CF8283D4C9E00B92B7F /* Contacts.storyboard */; };
		A3444CFC283D4C9F00B92B7F /* Assets.xcassets in Resources */ = {isa = PBXBuildFile; fileRef = A3444CFB283D4C9F00B92B7F /* Assets.xcassets */; };
		A3444CFF283D4C9F00B92B7F /* LaunchScreen.storyboard in Resources */ = {isa = PBXBuildFile; fileRef = A3444CFD283D4C9F00B92B7F /* LaunchScreen.storyboard */; };
		A3444D0B283D556400B92B7F /* ContactModel.swift in Sources */ = {isa = PBXBuildFile; fileRef = A3444D0A283D556400B92B7F /* ContactModel.swift */; };
		A3444D0D283D5C2900B92B7F /* ContactTableViewCell.swift in Sources */ = {isa = PBXBuildFile; fileRef = A3444D0C283D5C2900B92B7F /* ContactTableViewCell.swift */; };
		A3444D10283D657E00B92B7F /* GetContactsService.swift in Sources */ = {isa = PBXBuildFile; fileRef = A3444D0F283D657E00B92B7F /* GetContactsService.swift */; };
		A35DEC4528435B37003F81CE /* DetailViewController.swift in Sources */ = {isa = PBXBuildFile; fileRef = A35DEC4428435B37003F81CE /* DetailViewController.swift */; };
/* End PBXBuildFile section */

/* Begin PBXFileReference section */
		A3444CEF283D4C9E00B92B7F /* ContactsBrowser.app */ = {isa = PBXFileReference; explicitFileType = wrapper.application; includeInIndex = 0; path = ContactsBrowser.app; sourceTree = BUILT_PRODUCTS_DIR; };
		A3444CF2283D4C9E00B92B7F /* AppDelegate.swift */ = {isa = PBXFileReference; lastKnownFileType = sourcecode.swift; path = AppDelegate.swift; sourceTree = "<group>"; };
		A3444CF4283D4C9E00B92B7F /* SceneDelegate.swift */ = {isa = PBXFileReference; lastKnownFileType = sourcecode.swift; path = SceneDelegate.swift; sourceTree = "<group>"; };
		A3444CF6283D4C9E00B92B7F /* ContactsViewController.swift */ = {isa = PBXFileReference; lastKnownFileType = sourcecode.swift; path = ContactsViewController.swift; sourceTree = "<group>"; };
		A3444CF9283D4C9E00B92B7F /* Base */ = {isa = PBXFileReference; lastKnownFileType = file.storyboard; name = Base; path = Base.lproj/Contacts.storyboard; sourceTree = "<group>"; };
		A3444CFB283D4C9F00B92B7F /* Assets.xcassets */ = {isa = PBXFileReference; lastKnownFileType = folder.assetcatalog; path = Assets.xcassets; sourceTree = "<group>"; };
		A3444CFE283D4C9F00B92B7F /* Base */ = {isa = PBXFileReference; lastKnownFileType = file.storyboard; name = Base; path = Base.lproj/LaunchScreen.storyboard; sourceTree = "<group>"; };
		A3444D00283D4C9F00B92B7F /* Info.plist */ = {isa = PBXFileReference; lastKnownFileType = text.plist.xml; path = Info.plist; sourceTree = "<group>"; };
		A3444D0A283D556400B92B7F /* ContactModel.swift */ = {isa = PBXFileReference; lastKnownFileType = sourcecode.swift; path = ContactModel.swift; sourceTree = "<group>"; };
		A3444D0C283D5C2900B92B7F /* ContactTableViewCell.swift */ = {isa = PBXFileReference; lastKnownFileType = sourcecode.swift; path = ContactTableViewCell.swift; sourceTree = "<group>"; };
		A3444D0F283D657E00B92B7F /* GetContactsService.swift */ = {isa = PBXFileReference; lastKnownFileType = sourcecode.swift; path = GetContactsService.swift; sourceTree = "<group>"; };
		A35DEC4428435B37003F81CE /* DetailViewController.swift */ = {isa = PBXFileReference; lastKnownFileType = sourcecode.swift; path = DetailViewController.swift; sourceTree = "<group>"; };
/* End PBXFileReference section */

/* Begin PBXFrameworksBuildPhase section */
		A3444CEC283D4C9E00B92B7F /* Frameworks */ = {
			isa = PBXFrameworksBuildPhase;
			buildActionMask = 2147483647;
			files = (
			);
			runOnlyForDeploymentPostprocessing = 0;
		};
/* End PBXFrameworksBuildPhase section */

/* Begin PBXGroup section */
		A3444CE6283D4C9E00B92B7F = {
			isa = PBXGroup;
			children = (
				A3444CF1283D4C9E00B92B7F /* ContactsBrowser */,
				A3444CF0283D4C9E00B92B7F /* Products */,
			);
			sourceTree = "<group>";
		};
		A3444CF0283D4C9E00B92B7F /* Products */ = {
			isa = PBXGroup;
			children = (
				A3444CEF283D4C9E00B92B7F /* ContactsBrowser.app */,
			);
			name = Products;
			sourceTree = "<group>";
		};
		A3444CF1283D4C9E00B92B7F /* ContactsBrowser */ = {
			isa = PBXGroup;
			children = (
				A3444D08283D4F9B00B92B7F /* Model */,
				A3444D06283D4E5500B92B7F /* Views */,
				A3444D07283D4E7C00B92B7F /* Controller */,
				A3444D0E283D655600B92B7F /* Services */,
				A3444D09283D532000B92B7F /* SupportingFiles */,
			);
			path = ContactsBrowser;
			sourceTree = "<group>";
		};
		A3444D06283D4E5500B92B7F /* Views */ = {
			isa = PBXGroup;
			children = (
				A3444CF8283D4C9E00B92B7F /* Contacts.storyboard */,
				A3444D0C283D5C2900B92B7F /* ContactTableViewCell.swift */,
			);
			path = Views;
			sourceTree = "<group>";
		};
		A3444D07283D4E7C00B92B7F /* Controller */ = {
			isa = PBXGroup;
			children = (
				A3444CF6283D4C9E00B92B7F /* ContactsViewController.swift */,
				A35DEC4428435B37003F81CE /* DetailViewController.swift */,
			);
			path = Controller;
			sourceTree = "<group>";
		};
		A3444D08283D4F9B00B92B7F /* Model */ = {
			isa = PBXGroup;
			children = (
				A3444D0A283D556400B92B7F /* ContactModel.swift */,
			);
			path = Model;
			sourceTree = "<group>";
		};
		A3444D09283D532000B92B7F /* SupportingFiles */ = {
			isa = PBXGroup;
			children = (
				A3444CF2283D4C9E00B92B7F /* AppDelegate.swift */,
				A3444CF4283D4C9E00B92B7F /* SceneDelegate.swift */,
				A3444CFB283D4C9F00B92B7F /* Assets.xcassets */,
				A3444CFD283D4C9F00B92B7F /* LaunchScreen.storyboard */,
				A3444D00283D4C9F00B92B7F /* Info.plist */,
			);
			path = SupportingFiles;
			sourceTree = "<group>";
		};
		A3444D0E283D655600B92B7F /* Services */ = {
			isa = PBXGroup;
			children = (
				A3444D0F283D657E00B92B7F /* GetContactsService.swift */,
			);
			path = Services;
			sourceTree = "<group>";
		};
/* End PBXGroup section */

/* Begin PBXNativeTarget section */
		A3444CEE283D4C9E00B92B7F /* ContactsBrowser */ = {
			isa = PBXNativeTarget;
			buildConfigurationList = A3444D03283D4C9F00B92B7F /* Build configuration list for PBXNativeTarget "ContactsBrowser" */;
			buildPhases = (
				A3444CEB283D4C9E00B92B7F /* Sources */,
				A3444CEC283D4C9E00B92B7F /* Frameworks */,
				A3444CED283D4C9E00B92B7F /* Resources */,
			);
			buildRules = (
			);
			dependencies = (
			);
			name = ContactsBrowser;
			productName = ContactsBrowser;
			productReference = A3444CEF283D4C9E00B92B7F /* ContactsBrowser.app */;
			productType = "com.apple.product-type.application";
		};
/* End PBXNativeTarget section */

/* Begin PBXProject section */
		A3444CE7283D4C9E00B92B7F /* Project object */ = {
			isa = PBXProject;
			attributes = {
				BuildIndependentTargetsInParallel = 1;
				LastSwiftUpdateCheck = 1330;
				LastUpgradeCheck = 1330;
				TargetAttributes = {
					A3444CEE283D4C9E00B92B7F = {
						CreatedOnToolsVersion = 13.3.1;
					};
				};
			};
			buildConfigurationList = A3444CEA283D4C9E00B92B7F /* Build configuration list for PBXProject "ContactsBrowser" */;
			compatibilityVersion = "Xcode 13.0";
			developmentRegion = en;
			hasScannedForEncodings = 0;
			knownRegions = (
				en,
				Base,
			);
			mainGroup = A3444CE6283D4C9E00B92B7F;
			productRefGroup = A3444CF0283D4C9E00B92B7F /* Products */;
			projectDirPath = "";
			projectRoot = "";
			targets = (
				A3444CEE283D4C9E00B92B7F /* ContactsBrowser */,
			);
		};
/* End PBXProject section */

/* Begin PBXResourcesBuildPhase section */
		A3444CED283D4C9E00B92B7F /* Resources */ = {
			isa = PBXResourcesBuildPhase;
			buildActionMask = 2147483647;
			files = (
				A3444CFF283D4C9F00B92B7F /* LaunchScreen.storyboard in Resources */,
				A3444CFC283D4C9F00B92B7F /* Assets.xcassets in Resources */,
				A3444CFA283D4C9E00B92B7F /* Contacts.storyboard in Resources */,
			);
			runOnlyForDeploymentPostprocessing = 0;
		};
/* End PBXResourcesBuildPhase section */

/* Begin PBXSourcesBuildPhase section */
		A3444CEB283D4C9E00B92B7F /* Sources */ = {
			isa = PBXSourcesBuildPhase;
			buildActionMask = 2147483647;
			files = (
				A3444CF7283D4C9E00B92B7F /* ContactsViewController.swift in Sources */,
				A3444D0D283D5C2900B92B7F /* ContactTableViewCell.swift in Sources */,
				A3444CF3283D4C9E00B92B7F /* AppDelegate.swift in Sources */,
				A3444D0B283D556400B92B7F /* ContactModel.swift in Sources */,
				A3444CF5283D4C9E00B92B7F /* SceneDelegate.swift in Sources */,
				A3444D10283D657E00B92B7F /* GetContactsService.swift in Sources */,
				A35DEC4528435B37003F81CE /* DetailViewController.swift in Sources */,
			);
			runOnlyForDeploymentPostprocessing = 0;
		};
/* End PBXSourcesBuildPhase section */

/* Begin PBXVariantGroup section */
		A3444CF8283D4C9E00B92B7F /* Contacts.storyboard */ = {
			isa = PBXVariantGroup;
			children = (
				A3444CF9283D4C9E00B92B7F /* Base */,
			);
			name = Contacts.storyboard;
			sourceTree = "<group>";
		};
		A3444CFD283D4C9F00B92B7F /* LaunchScreen.storyboard */ = {
			isa = PBXVariantGroup;
			children = (
				A3444CFE283D4C9F00B92B7F /* Base */,
			);
			name = LaunchScreen.storyboard;
			sourceTree = "<group>";
		};
/* End PBXVariantGroup section */

/* Begin XCBuildConfiguration section */
		A3444D01283D4C9F00B92B7F /* Debug */ = {
			isa = XCBuildConfiguration;
			buildSettings = {
				ALWAYS_SEARCH_USER_PATHS = NO;
				CLANG_ANALYZER_NONNULL = YES;
				CLANG_ANALYZER_NUMBER_OBJECT_CONVERSION = YES_AGGRESSIVE;
				CLANG_CXX_LANGUAGE_STANDARD = "gnu++17";
				CLANG_ENABLE_MODULES = YES;
				CLANG_ENABLE_OBJC_ARC = YES;
				CLANG_ENABLE_OBJC_WEAK = YES;
				CLANG_WARN_BLOCK_CAPTURE_AUTORELEASING = YES;
				CLANG_WARN_BOOL_CONVERSION = YES;
				CLANG_WARN_COMMA = YES;
				CLANG_WARN_CONSTANT_CONVERSION = YES;
				CLANG_WARN_DEPRECATED_OBJC_IMPLEMENTATIONS = YES;
				CLANG_WARN_DIRECT_OBJC_ISA_USAGE = YES_ERROR;
				CLANG_WARN_DOCUMENTATION_COMMENTS = YES;
				CLANG_WARN_EMPTY_BODY = YES;
				CLANG_WARN_ENUM_CONVERSION = YES;
				CLANG_WARN_INFINITE_RECURSION = YES;
				CLANG_WARN_INT_CONVERSION = YES;
				CLANG_WARN_NON_LITERAL_NULL_CONVERSION = YES;
				CLANG_WARN_OBJC_IMPLICIT_RETAIN_SELF = YES;
				CLANG_WARN_OBJC_LITERAL_CONVERSION = YES;
				CLANG_WARN_OBJC_ROOT_CLASS = YES_ERROR;
				CLANG_WARN_QUOTED_INCLUDE_IN_FRAMEWORK_HEADER = YES;
				CLANG_WARN_RANGE_LOOP_ANALYSIS = YES;
				CLANG_WARN_STRICT_PROTOTYPES = YES;
				CLANG_WARN_SUSPICIOUS_MOVE = YES;
				CLANG_WARN_UNGUARDED_AVAILABILITY = YES_AGGRESSIVE;
				CLANG_WARN_UNREACHABLE_CODE = YES;
				CLANG_WARN__DUPLICATE_METHOD_MATCH = YES;
				COPY_PHASE_STRIP = NO;
				DEBUG_INFORMATION_FORMAT = dwarf;
				ENABLE_STRICT_OBJC_MSGSEND = YES;
				ENABLE_TESTABILITY = YES;
				GCC_C_LANGUAGE_STANDARD = gnu11;
				GCC_DYNAMIC_NO_PIC = NO;
				GCC_NO_COMMON_BLOCKS = YES;
				GCC_OPTIMIZATION_LEVEL = 0;
				GCC_PREPROCESSOR_DEFINITIONS = (
					"DEBUG=1",
					"$(inherited)",
				);
				GCC_WARN_64_TO_32_BIT_CONVERSION = YES;
				GCC_WARN_ABOUT_RETURN_TYPE = YES_ERROR;
				GCC_WARN_UNDECLARED_SELECTOR = YES;
				GCC_WARN_UNINITIALIZED_AUTOS = YES_AGGRESSIVE;
				GCC_WARN_UNUSED_FUNCTION = YES;
				GCC_WARN_UNUSED_VARIABLE = YES;
				IPHONEOS_DEPLOYMENT_TARGET = 15.4;
				MTL_ENABLE_DEBUG_INFO = INCLUDE_SOURCE;
				MTL_FAST_MATH = YES;
				ONLY_ACTIVE_ARCH = YES;
				SDKROOT = iphoneos;
				SWIFT_ACTIVE_COMPILATION_CONDITIONS = DEBUG;
				SWIFT_OPTIMIZATION_LEVEL = "-Onone";
			};
			name = Debug;
		};
		A3444D02283D4C9F00B92B7F /* Release */ = {
			isa = XCBuildConfiguration;
			buildSettings = {
				ALWAYS_SEARCH_USER_PATHS = NO;
				CLANG_ANALYZER_NONNULL = YES;
				CLANG_ANALYZER_NUMBER_OBJECT_CONVERSION = YES_AGGRESSIVE;
				CLANG_CXX_LANGUAGE_STANDARD = "gnu++17";
				CLANG_ENABLE_MODULES = YES;
				CLANG_ENABLE_OBJC_ARC = YES;
				CLANG_ENABLE_OBJC_WEAK = YES;
				CLANG_WARN_BLOCK_CAPTURE_AUTORELEASING = YES;
				CLANG_WARN_BOOL_CONVERSION = YES;
				CLANG_WARN_COMMA = YES;
				CLANG_WARN_CONSTANT_CONVERSION = YES;
				CLANG_WARN_DEPRECATED_OBJC_IMPLEMENTATIONS = YES;
				CLANG_WARN_DIRECT_OBJC_ISA_USAGE = YES_ERROR;
				CLANG_WARN_DOCUMENTATION_COMMENTS = YES;
				CLANG_WARN_EMPTY_BODY = YES;
				CLANG_WARN_ENUM_CONVERSION = YES;
				CLANG_WARN_INFINITE_RECURSION = YES;
				CLANG_WARN_INT_CONVERSION = YES;
				CLANG_WARN_NON_LITERAL_NULL_CONVERSION = YES;
				CLANG_WARN_OBJC_IMPLICIT_RETAIN_SELF = YES;
				CLANG_WARN_OBJC_LITERAL_CONVERSION = YES;
				CLANG_WARN_OBJC_ROOT_CLASS = YES_ERROR;
				CLANG_WARN_QUOTED_INCLUDE_IN_FRAMEWORK_HEADER = YES;
				CLANG_WARN_RANGE_LOOP_ANALYSIS = YES;
				CLANG_WARN_STRICT_PROTOTYPES = YES;
				CLANG_WARN_SUSPICIOUS_MOVE = YES;
				CLANG_WARN_UNGUARDED_AVAILABILITY = YES_AGGRESSIVE;
				CLANG_WARN_UNREACHABLE_CODE = YES;
				CLANG_WARN__DUPLICATE_METHOD_MATCH = YES;
				COPY_PHASE_STRIP = NO;
				DEBUG_INFORMATION_FORMAT = "dwarf-with-dsym";
				ENABLE_NS_ASSERTIONS = NO;
				ENABLE_STRICT_OBJC_MSGSEND = YES;
				GCC_C_LANGUAGE_STANDARD = gnu11;
				GCC_NO_COMMON_BLOCKS = YES;
				GCC_WARN_64_TO_32_BIT_CONVERSION = YES;
				GCC_WARN_ABOUT_RETURN_TYPE = YES_ERROR;
				GCC_WARN_UNDECLARED_SELECTOR = YES;
				GCC_WARN_UNINITIALIZED_AUTOS = YES_AGGRESSIVE;
				GCC_WARN_UNUSED_FUNCTION = YES;
				GCC_WARN_UNUSED_VARIABLE = YES;
				IPHONEOS_DEPLOYMENT_TARGET = 15.4;
				MTL_ENABLE_DEBUG_INFO = NO;
				MTL_FAST_MATH = YES;
				SDKROOT = iphoneos;
				SWIFT_COMPILATION_MODE = wholemodule;
				SWIFT_OPTIMIZATION_LEVEL = "-O";
				VALIDATE_PRODUCT = YES;
			};
			name = Release;
		};
		A3444D04283D4C9F00B92B7F /* Debug */ = {
			isa = XCBuildConfiguration;
			buildSettings = {
				ASSETCATALOG_COMPILER_APPICON_NAME = AppIcon;
				ASSETCATALOG_COMPILER_GLOBAL_ACCENT_COLOR_NAME = AccentColor;
				CODE_SIGN_STYLE = Automatic;
				CURRENT_PROJECT_VERSION = 1;
				DEVELOPMENT_TEAM = SDLP5C8V69;
				GENERATE_INFOPLIST_FILE = YES;
				INFOPLIST_FILE = ContactsBrowser/SupportingFiles/Info.plist;
				INFOPLIST_KEY_NSContactsUsageDescription = "Requires access to your phone book. Please allow the request.";
				INFOPLIST_KEY_UIApplicationSupportsIndirectInputEvents = YES;
				INFOPLIST_KEY_UILaunchStoryboardName = LaunchScreen;
				INFOPLIST_KEY_UIMainStoryboardFile = Contacts;
				INFOPLIST_KEY_UISupportedInterfaceOrientations_iPad = "UIInterfaceOrientationPortrait UIInterfaceOrientationPortraitUpsideDown UIInterfaceOrientationLandscapeLeft UIInterfaceOrientationLandscapeRight";
				INFOPLIST_KEY_UISupportedInterfaceOrientations_iPhone = "UIInterfaceOrientationPortrait UIInterfaceOrientationLandscapeLeft UIInterfaceOrientationLandscapeRight";
				LD_RUNPATH_SEARCH_PATHS = (
					"$(inherited)",
					"@executable_path/Frameworks",
				);
				MARKETING_VERSION = 1.0;
				PRODUCT_BUNDLE_IDENTIFIER = "Dmitrii-Martynov.ContactsBrowser";
				PRODUCT_NAME = "$(TARGET_NAME)";
				SWIFT_EMIT_LOC_STRINGS = YES;
				SWIFT_VERSION = 5.0;
				TARGETED_DEVICE_FAMILY = "1,2";
			};
			name = Debug;
		};
		A3444D05283D4C9F00B92B7F /* Release */ = {
			isa = XCBuildConfiguration;
			buildSettings = {
				ASSETCATALOG_COMPILER_APPICON_NAME = AppIcon;
				ASSETCATALOG_COMPILER_GLOBAL_ACCENT_COLOR_NAME = AccentColor;
				CODE_SIGN_STYLE = Automatic;
				CURRENT_PROJECT_VERSION = 1;
				DEVELOPMENT_TEAM = SDLP5C8V69;
				GENERATE_INFOPLIST_FILE = YES;
				INFOPLIST_FILE = ContactsBrowser/SupportingFiles/Info.plist;
				INFOPLIST_KEY_NSContactsUsageDescription = "Requires access to your phone book. Please allow the request.";
				INFOPLIST_KEY_UIApplicationSupportsIndirectInputEvents = YES;
				INFOPLIST_KEY_UILaunchStoryboardName = LaunchScreen;
				INFOPLIST_KEY_UIMainStoryboardFile = Contacts;
				INFOPLIST_KEY_UISupportedInterfaceOrientations_iPad = "UIInterfaceOrientationPortrait UIInterfaceOrientationPortraitUpsideDown UIInterfaceOrientationLandscapeLeft UIInterfaceOrientationLandscapeRight";
				INFOPLIST_KEY_UISupportedInterfaceOrientations_iPhone = "UIInterfaceOrientationPortrait UIInterfaceOrientationLandscapeLeft UIInterfaceOrientationLandscapeRight";
				LD_RUNPATH_SEARCH_PATHS = (
					"$(inherited)",
					"@executable_path/Frameworks",
				);
				MARKETING_VERSION = 1.0;
				PRODUCT_BUNDLE_IDENTIFIER = "Dmitrii-Martynov.ContactsBrowser";
				PRODUCT_NAME = "$(TARGET_NAME)";
				SWIFT_EMIT_LOC_STRINGS = YES;
				SWIFT_VERSION = 5.0;
				TARGETED_DEVICE_FAMILY = "1,2";
			};
			name = Release;
		};
/* End XCBuildConfiguration section */

/* Begin XCConfigurationList section */
		A3444CEA283D4C9E00B92B7F /* Build configuration list for PBXProject "ContactsBrowser" */ = {
			isa = XCConfigurationList;
			buildConfigurations = (
				A3444D01283D4C9F00B92B7F /* Debug */,
				A3444D02283D4C9F00B92B7F /* Release */,
			);
			defaultConfigurationIsVisible = 0;
			defaultConfigurationName = Release;
		};
		A3444D03283D4C9F00B92B7F /* Build configuration list for PBXNativeTarget "ContactsBrowser" */ = {
			isa = XCConfigurationList;
			buildConfigurations = (
				A3444D04283D4C9F00B92B7F /* Debug */,
				A3444D05283D4C9F00B92B7F /* Release */,
			);
			defaultConfigurationIsVisible = 0;
			defaultConfigurationName = Release;
		};
/* End XCConfigurationList section */
	};
	rootObject = A3444CE7283D4C9E00B92B7F /* Project object */;
}
